
Microsoft Visual Studio Solution File, Format Version 12.00
# Visual Studio Version 17
VisualStudioVersion = 17.5.002.0
MinimumVisualStudioVersion = 10.0.40219.1
Project("{9A19103F-16F7-4668-BE54-9A1E7A4F7556}") = "MemorizarPalavra", "MemorizarPalavra\MemorizarPalavra.csproj", "{A15C8EA1-FB10-4C9D-B97D-78CE68221150}"
EndProject
Project("{2150E333-8FDC-42A3-9474-1A3956D46DE8}") = "MemorizarPalavra (1)", "MemorizarPalavra", "{B5B4BED8-8DB5-4CB7-A6E3-1442CAB39CE5}"
EndProject
Project("{9A19103F-16F7-4668-BE54-9A1E7A4F7556}") = "MemorizarPalavraApi", "MemorizarPalavra\MemorizarPalavraApi\MemorizarPalavraApi.csproj", "{6DFC2857-4AD0-4E44-96AA-9BE417891C82}"
EndProject
Global
	GlobalSection(SolutionConfigurationPlatforms) = preSolution
		Debug|Any CPU = Debug|Any CPU
		Release|Any CPU = Release|Any CPU
	EndGlobalSection
	GlobalSection(ProjectConfigurationPlatforms) = postSolution
		{A15C8EA1-FB10-4C9D-B97D-78CE68221150}.Debug|Any CPU.ActiveCfg = Debug|Any CPU
		{A15C8EA1-FB10-4C9D-B97D-78CE68221150}.Debug|Any CPU.Build.0 = Debug|Any CPU
		{A15C8EA1-FB10-4C9D-B97D-78CE68221150}.Release|Any CPU.ActiveCfg = Release|Any CPU
		{A15C8EA1-FB10-4C9D-B97D-78CE68221150}.Release|Any CPU.Build.0 = Release|Any CPU
		{6DFC2857-4AD0-4E44-96AA-9BE417891C82}.Debug|Any CPU.ActiveCfg = Debug|Any CPU
		{6DFC2857-4AD0-4E44-96AA-9BE417891C82}.Debug|Any CPU.Build.0 = Debug|Any CPU
		{6DFC2857-4AD0-4E44-96AA-9BE417891C82}.Release|Any CPU.ActiveCfg = Release|Any CPU
		{6DFC2857-4AD0-4E44-96AA-9BE417891C82}.Release|Any CPU.Build.0 = Release|Any CPU
	EndGlobalSection
	GlobalSection(SolutionProperties) = preSolution
		HideSolutionNode = FALSE
	EndGlobalSection
	GlobalSection(NestedProjects) = preSolution
		{6DFC2857-4AD0-4E44-96AA-9BE417891C82} = {B5B4BED8-8DB5-4CB7-A6E3-1442CAB39CE5}
	EndGlobalSection
	GlobalSection(ExtensibilityGlobals) = postSolution
		SolutionGuid = {8B808A73-5D4E-4BA5-9912-C32550220391}
	EndGlobalSection
EndGlobal
